
Microsoft Visual Studio Solution File, Format Version 12.00
# Visual Studio Version 17
VisualStudioVersion = 17.7.34221.43
MinimumVisualStudioVersion = 10.0.40219.1
Project("{FAE04EC0-301F-11D3-BF4B-00C04F79EFBC}") = "C_sharp_task", "C_sharp_task\C_sharp_task.csproj", "{B72F0672-F8B5-4559-875C-77075A247427}"
EndProject
Global
	GlobalSection(SolutionConfigurationPlatforms) = preSolution
		Debug|Any CPU = Debug|Any CPU
		Release|Any CPU = Release|Any CPU
	EndGlobalSection
	GlobalSection(ProjectConfigurationPlatforms) = postSolution
		{B72F0672-F8B5-4559-875C-77075A247427}.Debug|Any CPU.ActiveCfg = Debug|Any CPU
		{B72F0672-F8B5-4559-875C-77075A247427}.Debug|Any CPU.Build.0 = Debug|Any CPU
		{B72F0672-F8B5-4559-875C-77075A247427}.Release|Any CPU.ActiveCfg = Release|Any CPU
		{B72F0672-F8B5-4559-875C-77075A247427}.Release|Any CPU.Build.0 = Release|Any CPU
	EndGlobalSection
	GlobalSection(SolutionProperties) = preSolution
		HideSolutionNode = FALSE
	EndGlobalSection
	GlobalSection(ExtensibilityGlobals) = postSolution
		SolutionGuid = {11E92BDA-AAEA-4EF1-A48B-339AE0602879}
	EndGlobalSection
EndGlobal
